
Microsoft Visual Studio Solution File, Format Version 12.00
# Visual Studio Version 17
VisualStudioVersion = 17.10.34916.146
MinimumVisualStudioVersion = 10.0.40219.1
Project("{FAE04EC0-301F-11D3-BF4B-00C04F79EFBC}") = "Pokupki", "Pokupki\Pokupki.csproj", "{C1A3FCC5-146E-4ED4-B345-FF2784011DF9}"
EndProject
Global
	GlobalSection(SolutionConfigurationPlatforms) = preSolution
		Debug|Any CPU = Debug|Any CPU
		Release|Any CPU = Release|Any CPU
	EndGlobalSection
	GlobalSection(ProjectConfigurationPlatforms) = postSolution
		{C1A3FCC5-146E-4ED4-B345-FF2784011DF9}.Debug|Any CPU.ActiveCfg = Debug|Any CPU
		{C1A3FCC5-146E-4ED4-B345-FF2784011DF9}.Debug|Any CPU.Build.0 = Debug|Any CPU
		{C1A3FCC5-146E-4ED4-B345-FF2784011DF9}.Release|Any CPU.ActiveCfg = Release|Any CPU
		{C1A3FCC5-146E-4ED4-B345-FF2784011DF9}.Release|Any CPU.Build.0 = Release|Any CPU
	EndGlobalSection
	GlobalSection(SolutionProperties) = preSolution
		HideSolutionNode = FALSE
	EndGlobalSection
	GlobalSection(ExtensibilityGlobals) = postSolution
		SolutionGuid = {C567020F-F0D1-49EA-9EBB-CB34E685A100}
	EndGlobalSection
EndGlobal
